
Microsoft Visual Studio Solution File, Format Version 12.00
# Visual Studio Version 17
VisualStudioVersion = 17.2.32630.192
MinimumVisualStudioVersion = 10.0.40219.1
Project("{9A19103F-16F7-4668-BE54-9A1E7A4F7556}") = "Textumbruch.Persistence", "Textumbruch.Persistence\Textumbruch.Persistence.csproj", "{AA3AF535-2212-4929-8A9E-1F9D0DAEE843}"
EndProject
Project("{9A19103F-16F7-4668-BE54-9A1E7A4F7556}") = "Textumbruch.Domain", "Textumbruch.Domain\Textumbruch.Domain.csproj", "{2EB22B8D-89FB-41CB-8BE0-109669D06902}"
EndProject
Project("{9A19103F-16F7-4668-BE54-9A1E7A4F7556}") = "Textumbruch.Domain.Tests", "Textumbruch.Domain.Tests\Textumbruch.Domain.Tests.csproj", "{1D746708-80F6-45E4-A6A5-9EFD8BAB60EF}"
EndProject
Project("{9A19103F-16F7-4668-BE54-9A1E7A4F7556}") = "Textumbruch.Interactors", "Textumbruch.Interactors\Textumbruch.Interactors.csproj", "{7FBC7941-D7BA-4202-849D-524CE0F28974}"
EndProject
Project("{9A19103F-16F7-4668-BE54-9A1E7A4F7556}") = "Textumbruch.Interactors.Tests", "Textumbruch.Interactors.Tests\Textumbruch.Interactors.Tests.csproj", "{15316AE9-9238-4AA4-8800-56423564C120}"
EndProject
Project("{9A19103F-16F7-4668-BE54-9A1E7A4F7556}") = "Textumbruch.Contracts", "Textumbruch.Contracts\Textumbruch.Contracts.csproj", "{AA27C2CF-1558-43BC-9320-750722619EC0}"
EndProject
Project("{9A19103F-16F7-4668-BE54-9A1E7A4F7556}") = "Textumbruch.Contracts.Tests", "Textumbruch.Contracts.Tests\Textumbruch.Contracts.Tests.csproj", "{C5D8B4AC-13FD-4187-96F4-0B668CCB8289}"
EndProject
Project("{9A19103F-16F7-4668-BE54-9A1E7A4F7556}") = "Textumbruch.WinForms", "Textumbruch.WinForms\Textumbruch.WinForms.csproj", "{D02F3B63-41B3-4C27-B9B3-6FEB54375DBF}"
EndProject
Project("{FAE04EC0-301F-11D3-BF4B-00C04F79EFBC}") = "Textumbruch.Console", "Textumbruch.Console\Textumbruch.Console.csproj", "{1368D1BC-53C2-4469-9A69-CCC385D6CD1E}"
EndProject
Project("{2150E333-8FDC-42A3-9474-1A3956D46DE8}") = "Bibliotheken", "Bibliotheken", "{2A9ECCDE-86AE-4402-A3BB-0713AF4896B7}"
EndProject
Project("{2150E333-8FDC-42A3-9474-1A3956D46DE8}") = "UIs", "UIs", "{8FFB1004-E717-4722-8614-D6C316DCDE96}"
EndProject
Global
	GlobalSection(SolutionConfigurationPlatforms) = preSolution
		Debug|Any CPU = Debug|Any CPU
		Release|Any CPU = Release|Any CPU
	EndGlobalSection
	GlobalSection(ProjectConfigurationPlatforms) = postSolution
		{AA3AF535-2212-4929-8A9E-1F9D0DAEE843}.Debug|Any CPU.ActiveCfg = Debug|Any CPU
		{AA3AF535-2212-4929-8A9E-1F9D0DAEE843}.Debug|Any CPU.Build.0 = Debug|Any CPU
		{AA3AF535-2212-4929-8A9E-1F9D0DAEE843}.Release|Any CPU.ActiveCfg = Release|Any CPU
		{AA3AF535-2212-4929-8A9E-1F9D0DAEE843}.Release|Any CPU.Build.0 = Release|Any CPU
		{2EB22B8D-89FB-41CB-8BE0-109669D06902}.Debug|Any CPU.ActiveCfg = Debug|Any CPU
		{2EB22B8D-89FB-41CB-8BE0-109669D06902}.Debug|Any CPU.Build.0 = Debug|Any CPU
		{2EB22B8D-89FB-41CB-8BE0-109669D06902}.Release|Any CPU.ActiveCfg = Release|Any CPU
		{2EB22B8D-89FB-41CB-8BE0-109669D06902}.Release|Any CPU.Build.0 = Release|Any CPU
		{1D746708-80F6-45E4-A6A5-9EFD8BAB60EF}.Debug|Any CPU.ActiveCfg = Debug|Any CPU
		{1D746708-80F6-45E4-A6A5-9EFD8BAB60EF}.Debug|Any CPU.Build.0 = Debug|Any CPU
		{1D746708-80F6-45E4-A6A5-9EFD8BAB60EF}.Release|Any CPU.ActiveCfg = Release|Any CPU
		{1D746708-80F6-45E4-A6A5-9EFD8BAB60EF}.Release|Any CPU.Build.0 = Release|Any CPU
		{7FBC7941-D7BA-4202-849D-524CE0F28974}.Debug|Any CPU.ActiveCfg = Debug|Any CPU
		{7FBC7941-D7BA-4202-849D-524CE0F28974}.Debug|Any CPU.Build.0 = Debug|Any CPU
		{7FBC7941-D7BA-4202-849D-524CE0F28974}.Release|Any CPU.ActiveCfg = Release|Any CPU
		{7FBC7941-D7BA-4202-849D-524CE0F28974}.Release|Any CPU.Build.0 = Release|Any CPU
		{15316AE9-9238-4AA4-8800-56423564C120}.Debug|Any CPU.ActiveCfg = Debug|Any CPU
		{15316AE9-9238-4AA4-8800-56423564C120}.Debug|Any CPU.Build.0 = Debug|Any CPU
		{15316AE9-9238-4AA4-8800-56423564C120}.Release|Any CPU.ActiveCfg = Release|Any CPU
		{15316AE9-9238-4AA4-8800-56423564C120}.Release|Any CPU.Build.0 = Release|Any CPU
		{AA27C2CF-1558-43BC-9320-750722619EC0}.Debug|Any CPU.ActiveCfg = Debug|Any CPU
		{AA27C2CF-1558-43BC-9320-750722619EC0}.Debug|Any CPU.Build.0 = Debug|Any CPU
		{AA27C2CF-1558-43BC-9320-750722619EC0}.Release|Any CPU.ActiveCfg = Release|Any CPU
		{AA27C2CF-1558-43BC-9320-750722619EC0}.Release|Any CPU.Build.0 = Release|Any CPU
		{C5D8B4AC-13FD-4187-96F4-0B668CCB8289}.Debug|Any CPU.ActiveCfg = Debug|Any CPU
		{C5D8B4AC-13FD-4187-96F4-0B668CCB8289}.Debug|Any CPU.Build.0 = Debug|Any CPU
		{C5D8B4AC-13FD-4187-96F4-0B668CCB8289}.Release|Any CPU.ActiveCfg = Release|Any CPU
		{C5D8B4AC-13FD-4187-96F4-0B668CCB8289}.Release|Any CPU.Build.0 = Release|Any CPU
		{D02F3B63-41B3-4C27-B9B3-6FEB54375DBF}.Debug|Any CPU.ActiveCfg = Debug|Any CPU
		{D02F3B63-41B3-4C27-B9B3-6FEB54375DBF}.Debug|Any CPU.Build.0 = Debug|Any CPU
		{D02F3B63-41B3-4C27-B9B3-6FEB54375DBF}.Release|Any CPU.ActiveCfg = Release|Any CPU
		{D02F3B63-41B3-4C27-B9B3-6FEB54375DBF}.Release|Any CPU.Build.0 = Release|Any CPU
		{1368D1BC-53C2-4469-9A69-CCC385D6CD1E}.Debug|Any CPU.ActiveCfg = Debug|Any CPU
		{1368D1BC-53C2-4469-9A69-CCC385D6CD1E}.Debug|Any CPU.Build.0 = Debug|Any CPU
		{1368D1BC-53C2-4469-9A69-CCC385D6CD1E}.Release|Any CPU.ActiveCfg = Release|Any CPU
		{1368D1BC-53C2-4469-9A69-CCC385D6CD1E}.Release|Any CPU.Build.0 = Release|Any CPU
	EndGlobalSection
	GlobalSection(SolutionProperties) = preSolution
		HideSolutionNode = FALSE
	EndGlobalSection
	GlobalSection(NestedProjects) = preSolution
		{AA3AF535-2212-4929-8A9E-1F9D0DAEE843} = {2A9ECCDE-86AE-4402-A3BB-0713AF4896B7}
		{2EB22B8D-89FB-41CB-8BE0-109669D06902} = {2A9ECCDE-86AE-4402-A3BB-0713AF4896B7}
		{1D746708-80F6-45E4-A6A5-9EFD8BAB60EF} = {2A9ECCDE-86AE-4402-A3BB-0713AF4896B7}
		{7FBC7941-D7BA-4202-849D-524CE0F28974} = {2A9ECCDE-86AE-4402-A3BB-0713AF4896B7}
		{15316AE9-9238-4AA4-8800-56423564C120} = {2A9ECCDE-86AE-4402-A3BB-0713AF4896B7}
		{AA27C2CF-1558-43BC-9320-750722619EC0} = {2A9ECCDE-86AE-4402-A3BB-0713AF4896B7}
		{C5D8B4AC-13FD-4187-96F4-0B668CCB8289} = {2A9ECCDE-86AE-4402-A3BB-0713AF4896B7}
		{D02F3B63-41B3-4C27-B9B3-6FEB54375DBF} = {8FFB1004-E717-4722-8614-D6C316DCDE96}
		{1368D1BC-53C2-4469-9A69-CCC385D6CD1E} = {8FFB1004-E717-4722-8614-D6C316DCDE96}
	EndGlobalSection
	GlobalSection(ExtensibilityGlobals) = postSolution
		SolutionGuid = {9130DA75-C95C-45D3-AC1B-FE7633B73773}
	EndGlobalSection
EndGlobal
