
Microsoft Visual Studio Solution File, Format Version 12.00
# Visual Studio Version 16
VisualStudioVersion = 16.0.30114.105
MinimumVisualStudioVersion = 10.0.40219.1
Project("{FAE04EC0-301F-11D3-BF4B-00C04F79EFBC}") = "Textumbruch.Persistence", "Textumbruch.Persistence\Textumbruch.Persistence.csproj", "{AA3AF535-2212-4929-8A9E-1F9D0DAEE843}"
EndProject
Project("{FAE04EC0-301F-11D3-BF4B-00C04F79EFBC}") = "Textumbruch.Domain", "Textumbruch.Domain\Textumbruch.Domain.csproj", "{2EB22B8D-89FB-41CB-8BE0-109669D06902}"
EndProject
Project("{FAE04EC0-301F-11D3-BF4B-00C04F79EFBC}") = "Textumbruch.Domain.Tests", "Textumbruch.Domain.Tests\Textumbruch.Domain.Tests.csproj", "{1D746708-80F6-45E4-A6A5-9EFD8BAB60EF}"
EndProject
Project("{FAE04EC0-301F-11D3-BF4B-00C04F79EFBC}") = "Textumbruch.Interactors", "Textumbruch.Interactors\Textumbruch.Interactors.csproj", "{7FBC7941-D7BA-4202-849D-524CE0F28974}"
EndProject
Project("{FAE04EC0-301F-11D3-BF4B-00C04F79EFBC}") = "Textumbruch.Interactors.Tests", "Textumbruch.Interactors.Tests\Textumbruch.Interactors.Tests.csproj", "{15316AE9-9238-4AA4-8800-56423564C120}"
EndProject
Project("{FAE04EC0-301F-11D3-BF4B-00C04F79EFBC}") = "Textumbruch.Contracts", "Textumbruch.Contracts\Textumbruch.Contracts.csproj", "{AA27C2CF-1558-43BC-9320-750722619EC0}"
EndProject
Project("{FAE04EC0-301F-11D3-BF4B-00C04F79EFBC}") = "Textumbruch.Contracts.Tests", "Textumbruch.Contracts.Tests\Textumbruch.Contracts.Tests.csproj", "{C5D8B4AC-13FD-4187-96F4-0B668CCB8289}"
EndProject
Global
	GlobalSection(SolutionConfigurationPlatforms) = preSolution
		Debug|Any CPU = Debug|Any CPU
		Release|Any CPU = Release|Any CPU
	EndGlobalSection
	GlobalSection(SolutionProperties) = preSolution
		HideSolutionNode = FALSE
	EndGlobalSection
	GlobalSection(ProjectConfigurationPlatforms) = postSolution
		{AA3AF535-2212-4929-8A9E-1F9D0DAEE843}.Debug|Any CPU.ActiveCfg = Debug|Any CPU
		{AA3AF535-2212-4929-8A9E-1F9D0DAEE843}.Debug|Any CPU.Build.0 = Debug|Any CPU
		{AA3AF535-2212-4929-8A9E-1F9D0DAEE843}.Release|Any CPU.ActiveCfg = Release|Any CPU
		{AA3AF535-2212-4929-8A9E-1F9D0DAEE843}.Release|Any CPU.Build.0 = Release|Any CPU
		{2EB22B8D-89FB-41CB-8BE0-109669D06902}.Debug|Any CPU.ActiveCfg = Debug|Any CPU
		{2EB22B8D-89FB-41CB-8BE0-109669D06902}.Debug|Any CPU.Build.0 = Debug|Any CPU
		{2EB22B8D-89FB-41CB-8BE0-109669D06902}.Release|Any CPU.ActiveCfg = Release|Any CPU
		{2EB22B8D-89FB-41CB-8BE0-109669D06902}.Release|Any CPU.Build.0 = Release|Any CPU
		{1D746708-80F6-45E4-A6A5-9EFD8BAB60EF}.Debug|Any CPU.ActiveCfg = Debug|Any CPU
		{1D746708-80F6-45E4-A6A5-9EFD8BAB60EF}.Debug|Any CPU.Build.0 = Debug|Any CPU
		{1D746708-80F6-45E4-A6A5-9EFD8BAB60EF}.Release|Any CPU.ActiveCfg = Release|Any CPU
		{1D746708-80F6-45E4-A6A5-9EFD8BAB60EF}.Release|Any CPU.Build.0 = Release|Any CPU
		{7FBC7941-D7BA-4202-849D-524CE0F28974}.Debug|Any CPU.ActiveCfg = Debug|Any CPU
		{7FBC7941-D7BA-4202-849D-524CE0F28974}.Debug|Any CPU.Build.0 = Debug|Any CPU
		{7FBC7941-D7BA-4202-849D-524CE0F28974}.Release|Any CPU.ActiveCfg = Release|Any CPU
		{7FBC7941-D7BA-4202-849D-524CE0F28974}.Release|Any CPU.Build.0 = Release|Any CPU
		{15316AE9-9238-4AA4-8800-56423564C120}.Debug|Any CPU.ActiveCfg = Debug|Any CPU
		{15316AE9-9238-4AA4-8800-56423564C120}.Debug|Any CPU.Build.0 = Debug|Any CPU
		{15316AE9-9238-4AA4-8800-56423564C120}.Release|Any CPU.ActiveCfg = Release|Any CPU
		{15316AE9-9238-4AA4-8800-56423564C120}.Release|Any CPU.Build.0 = Release|Any CPU
		{AA27C2CF-1558-43BC-9320-750722619EC0}.Debug|Any CPU.ActiveCfg = Debug|Any CPU
		{AA27C2CF-1558-43BC-9320-750722619EC0}.Debug|Any CPU.Build.0 = Debug|Any CPU
		{AA27C2CF-1558-43BC-9320-750722619EC0}.Release|Any CPU.ActiveCfg = Release|Any CPU
		{AA27C2CF-1558-43BC-9320-750722619EC0}.Release|Any CPU.Build.0 = Release|Any CPU
		{C5D8B4AC-13FD-4187-96F4-0B668CCB8289}.Debug|Any CPU.ActiveCfg = Debug|Any CPU
		{C5D8B4AC-13FD-4187-96F4-0B668CCB8289}.Debug|Any CPU.Build.0 = Debug|Any CPU
		{C5D8B4AC-13FD-4187-96F4-0B668CCB8289}.Release|Any CPU.ActiveCfg = Release|Any CPU
		{C5D8B4AC-13FD-4187-96F4-0B668CCB8289}.Release|Any CPU.Build.0 = Release|Any CPU
	EndGlobalSection
EndGlobal
